{
  "name": "list_of_demands",
  "version": "1.0.0",
  "lockfileVersion": 1,
  "requires": true,
  "dependencies": {
    "@fengyuanchen/datepicker": {
      "version": "0.6.4",
      "resolved": "https://registry.npmjs.org/@fengyuanchen/datepicker/-/datepicker-0.6.4.tgz",
      "integrity": "sha512-G+o2HnQi8gShKmj7SZUPGYH3pEKi7J0L0AsIC+uvwC9UjrMxF9WJ0gL9YVuIHeNY8wg9jGLftgiGZxv1xCu+9A=="
    }
  }
}
